
Microsoft Visual Studio Solution File, Format Version 12.00
# Visual Studio Version 17
VisualStudioVersion = 17.10.35122.118
MinimumVisualStudioVersion = 10.0.40219.1
Project("{FAE04EC0-301F-11D3-BF4B-00C04F79EFBC}") = "CharWiz1", "CharWiz1.csproj", "{36AFA035-862A-451E-9719-2E35A15EC485}"
EndProject
Global
	GlobalSection(SolutionConfigurationPlatforms) = preSolution
		Debug|Any CPU = Debug|Any CPU
		Release|Any CPU = Release|Any CPU
	EndGlobalSection
	GlobalSection(ProjectConfigurationPlatforms) = postSolution
		{36AFA035-862A-451E-9719-2E35A15EC485}.Debug|Any CPU.ActiveCfg = Debug|Any CPU
		{36AFA035-862A-451E-9719-2E35A15EC485}.Debug|Any CPU.Build.0 = Debug|Any CPU
		{36AFA035-862A-451E-9719-2E35A15EC485}.Release|Any CPU.ActiveCfg = Release|Any CPU
		{36AFA035-862A-451E-9719-2E35A15EC485}.Release|Any CPU.Build.0 = Release|Any CPU
	EndGlobalSection
	GlobalSection(SolutionProperties) = preSolution
		HideSolutionNode = FALSE
	EndGlobalSection
	GlobalSection(ExtensibilityGlobals) = postSolution
		SolutionGuid = {B3FDF38C-FA7F-4215-BA19-7C09A88B3B00}
	EndGlobalSection
EndGlobal
